
Microsoft Visual Studio Solution File, Format Version 12.00
# Visual Studio Version 16
VisualStudioVersion = 16.0.32901.82
MinimumVisualStudioVersion = 10.0.40219.1
Project("{FAE04EC0-301F-11D3-BF4B-00C04F79EFBC}") = "RAWTable_Maintenance_Webjob", "RAWTable_Maintenance_Webjob\RAWTable_Maintenance_Webjob.csproj", "{01287BDC-B3FF-47BA-BE81-D2906D62EA2E}"
EndProject
Global
	GlobalSection(SolutionConfigurationPlatforms) = preSolution
		Debug|Any CPU = Debug|Any CPU
		Release|Any CPU = Release|Any CPU
	EndGlobalSection
	GlobalSection(ProjectConfigurationPlatforms) = postSolution
		{01287BDC-B3FF-47BA-BE81-D2906D62EA2E}.Debug|Any CPU.ActiveCfg = Debug|Any CPU
		{01287BDC-B3FF-47BA-BE81-D2906D62EA2E}.Debug|Any CPU.Build.0 = Debug|Any CPU
		{01287BDC-B3FF-47BA-BE81-D2906D62EA2E}.Release|Any CPU.ActiveCfg = Release|Any CPU
		{01287BDC-B3FF-47BA-BE81-D2906D62EA2E}.Release|Any CPU.Build.0 = Release|Any CPU
	EndGlobalSection
	GlobalSection(SolutionProperties) = preSolution
		HideSolutionNode = FALSE
	EndGlobalSection
	GlobalSection(ExtensibilityGlobals) = postSolution
		SolutionGuid = {43BB8897-0B7C-4C2B-9002-47EEAEBDB25B}
	EndGlobalSection
EndGlobal
